
Microsoft Visual Studio Solution File, Format Version 12.00
# Visual Studio Version 17
VisualStudioVersion = 17.4.33403.182
MinimumVisualStudioVersion = 10.0.40219.1
Project("{9A19103F-16F7-4668-BE54-9A1E7A4F7556}") = "CheckedListBoxExtensionsApp", "CheckedListBoxExtensionsApp\CheckedListBoxExtensionsApp.csproj", "{4CDE66AD-3077-450F-A502-73DA4861CF3A}"
EndProject
Project("{2150E333-8FDC-42A3-9474-1A3956D46DE8}") = "Solution Items", "Solution Items", "{C0B5FCFB-250B-40E0-9902-3E82FA92BF92}"
	ProjectSection(SolutionItems) = preProject
		readme.md = readme.md
	EndProjectSection
EndProject
Project("{2150E333-8FDC-42A3-9474-1A3956D46DE8}") = "Class projects", "Class projects", "{492DD518-098E-4730-87D6-17F0E7DBF869}"
EndProject
Project("{9A19103F-16F7-4668-BE54-9A1E7A4F7556}") = "CommonLibrary", "CommonLibrary\CommonLibrary.csproj", "{A1FC9D27-3797-41C7-BC16-3DA382ECBB6D}"
EndProject
Project("{2150E333-8FDC-42A3-9474-1A3956D46DE8}") = "Front end projects", "Front end projects", "{EE74701F-D9D1-4BFF-8DBB-35684759CB1E}"
EndProject
Project("{9A19103F-16F7-4668-BE54-9A1E7A4F7556}") = "DescendantsExamplesApp", "DescendantsExamplesApp\DescendantsExamplesApp.csproj", "{1E863919-1866-42DB-ADD2-DEF51EA24E1E}"
EndProject
Project("{2150E333-8FDC-42A3-9474-1A3956D46DE8}") = "Generic samples", "Generic samples", "{8BA27F8F-A833-4200-8A6C-A634C317E8C8}"
EndProject
Project("{2150E333-8FDC-42A3-9474-1A3956D46DE8}") = "Non generic samples", "Non generic samples", "{207ADE45-7394-41FE-B090-2C45163B21AA}"
EndProject
Project("{9A19103F-16F7-4668-BE54-9A1E7A4F7556}") = "NonGenericApp", "NonGenericApp\NonGenericApp.csproj", "{911AB3C3-C82B-40E0-A7D6-9243A07F667B}"
EndProject
Project("{9A19103F-16F7-4668-BE54-9A1E7A4F7556}") = "RazorLibrary", "RazorLibrary\RazorLibrary.csproj", "{91834670-A15C-462A-9CEA-2ABC2EC7FE46}"
EndProject
Project("{9A19103F-16F7-4668-BE54-9A1E7A4F7556}") = "WorkingWithDateTime", "WorkingWithDateTime\WorkingWithDateTime.csproj", "{B06E6D34-0711-4104-B4B8-983D3005700F}"
EndProject
Project("{9A19103F-16F7-4668-BE54-9A1E7A4F7556}") = "SeriLogLibrary", "SeriLogLibrary\SeriLogLibrary.csproj", "{1B137FE4-0ACF-498C-8A69-950E3E7D37EC}"
EndProject
Project("{9A19103F-16F7-4668-BE54-9A1E7A4F7556}") = "BaseDataValidatorLibrary", "BaseDataValidatorLibrary\BaseDataValidatorLibrary.csproj", "{80374E84-41F3-4229-BB57-B5EB5490E218}"
EndProject
Project("{9A19103F-16F7-4668-BE54-9A1E7A4F7556}") = "AskConsoleApp1", "AskConsoleApp1\AskConsoleApp1.csproj", "{233F5967-00FA-42AC-A416-2F8C3B63D4AE}"
EndProject
Global
	GlobalSection(SolutionConfigurationPlatforms) = preSolution
		Debug|Any CPU = Debug|Any CPU
		Release|Any CPU = Release|Any CPU
	EndGlobalSection
	GlobalSection(ProjectConfigurationPlatforms) = postSolution
		{4CDE66AD-3077-450F-A502-73DA4861CF3A}.Debug|Any CPU.ActiveCfg = Debug|Any CPU
		{4CDE66AD-3077-450F-A502-73DA4861CF3A}.Debug|Any CPU.Build.0 = Debug|Any CPU
		{4CDE66AD-3077-450F-A502-73DA4861CF3A}.Release|Any CPU.ActiveCfg = Release|Any CPU
		{4CDE66AD-3077-450F-A502-73DA4861CF3A}.Release|Any CPU.Build.0 = Release|Any CPU
		{A1FC9D27-3797-41C7-BC16-3DA382ECBB6D}.Debug|Any CPU.ActiveCfg = Debug|Any CPU
		{A1FC9D27-3797-41C7-BC16-3DA382ECBB6D}.Debug|Any CPU.Build.0 = Debug|Any CPU
		{A1FC9D27-3797-41C7-BC16-3DA382ECBB6D}.Release|Any CPU.ActiveCfg = Release|Any CPU
		{A1FC9D27-3797-41C7-BC16-3DA382ECBB6D}.Release|Any CPU.Build.0 = Release|Any CPU
		{1E863919-1866-42DB-ADD2-DEF51EA24E1E}.Debug|Any CPU.ActiveCfg = Debug|Any CPU
		{1E863919-1866-42DB-ADD2-DEF51EA24E1E}.Debug|Any CPU.Build.0 = Debug|Any CPU
		{1E863919-1866-42DB-ADD2-DEF51EA24E1E}.Release|Any CPU.ActiveCfg = Release|Any CPU
		{1E863919-1866-42DB-ADD2-DEF51EA24E1E}.Release|Any CPU.Build.0 = Release|Any CPU
		{911AB3C3-C82B-40E0-A7D6-9243A07F667B}.Debug|Any CPU.ActiveCfg = Debug|Any CPU
		{911AB3C3-C82B-40E0-A7D6-9243A07F667B}.Debug|Any CPU.Build.0 = Debug|Any CPU
		{911AB3C3-C82B-40E0-A7D6-9243A07F667B}.Release|Any CPU.ActiveCfg = Release|Any CPU
		{911AB3C3-C82B-40E0-A7D6-9243A07F667B}.Release|Any CPU.Build.0 = Release|Any CPU
		{91834670-A15C-462A-9CEA-2ABC2EC7FE46}.Debug|Any CPU.ActiveCfg = Debug|Any CPU
		{91834670-A15C-462A-9CEA-2ABC2EC7FE46}.Debug|Any CPU.Build.0 = Debug|Any CPU
		{91834670-A15C-462A-9CEA-2ABC2EC7FE46}.Release|Any CPU.ActiveCfg = Release|Any CPU
		{91834670-A15C-462A-9CEA-2ABC2EC7FE46}.Release|Any CPU.Build.0 = Release|Any CPU
		{B06E6D34-0711-4104-B4B8-983D3005700F}.Debug|Any CPU.ActiveCfg = Debug|Any CPU
		{B06E6D34-0711-4104-B4B8-983D3005700F}.Debug|Any CPU.Build.0 = Debug|Any CPU
		{B06E6D34-0711-4104-B4B8-983D3005700F}.Release|Any CPU.ActiveCfg = Release|Any CPU
		{B06E6D34-0711-4104-B4B8-983D3005700F}.Release|Any CPU.Build.0 = Release|Any CPU
		{1B137FE4-0ACF-498C-8A69-950E3E7D37EC}.Debug|Any CPU.ActiveCfg = Debug|Any CPU
		{1B137FE4-0ACF-498C-8A69-950E3E7D37EC}.Debug|Any CPU.Build.0 = Debug|Any CPU
		{1B137FE4-0ACF-498C-8A69-950E3E7D37EC}.Release|Any CPU.ActiveCfg = Release|Any CPU
		{1B137FE4-0ACF-498C-8A69-950E3E7D37EC}.Release|Any CPU.Build.0 = Release|Any CPU
		{80374E84-41F3-4229-BB57-B5EB5490E218}.Debug|Any CPU.ActiveCfg = Debug|Any CPU
		{80374E84-41F3-4229-BB57-B5EB5490E218}.Debug|Any CPU.Build.0 = Debug|Any CPU
		{80374E84-41F3-4229-BB57-B5EB5490E218}.Release|Any CPU.ActiveCfg = Release|Any CPU
		{80374E84-41F3-4229-BB57-B5EB5490E218}.Release|Any CPU.Build.0 = Release|Any CPU
		{233F5967-00FA-42AC-A416-2F8C3B63D4AE}.Debug|Any CPU.ActiveCfg = Debug|Any CPU
		{233F5967-00FA-42AC-A416-2F8C3B63D4AE}.Debug|Any CPU.Build.0 = Debug|Any CPU
		{233F5967-00FA-42AC-A416-2F8C3B63D4AE}.Release|Any CPU.ActiveCfg = Release|Any CPU
		{233F5967-00FA-42AC-A416-2F8C3B63D4AE}.Release|Any CPU.Build.0 = Release|Any CPU
	EndGlobalSection
	GlobalSection(SolutionProperties) = preSolution
		HideSolutionNode = FALSE
	EndGlobalSection
	GlobalSection(NestedProjects) = preSolution
		{4CDE66AD-3077-450F-A502-73DA4861CF3A} = {8BA27F8F-A833-4200-8A6C-A634C317E8C8}
		{A1FC9D27-3797-41C7-BC16-3DA382ECBB6D} = {492DD518-098E-4730-87D6-17F0E7DBF869}
		{1E863919-1866-42DB-ADD2-DEF51EA24E1E} = {8BA27F8F-A833-4200-8A6C-A634C317E8C8}
		{8BA27F8F-A833-4200-8A6C-A634C317E8C8} = {EE74701F-D9D1-4BFF-8DBB-35684759CB1E}
		{207ADE45-7394-41FE-B090-2C45163B21AA} = {EE74701F-D9D1-4BFF-8DBB-35684759CB1E}
		{911AB3C3-C82B-40E0-A7D6-9243A07F667B} = {207ADE45-7394-41FE-B090-2C45163B21AA}
		{91834670-A15C-462A-9CEA-2ABC2EC7FE46} = {492DD518-098E-4730-87D6-17F0E7DBF869}
		{B06E6D34-0711-4104-B4B8-983D3005700F} = {8BA27F8F-A833-4200-8A6C-A634C317E8C8}
		{1B137FE4-0ACF-498C-8A69-950E3E7D37EC} = {492DD518-098E-4730-87D6-17F0E7DBF869}
		{80374E84-41F3-4229-BB57-B5EB5490E218} = {492DD518-098E-4730-87D6-17F0E7DBF869}
		{233F5967-00FA-42AC-A416-2F8C3B63D4AE} = {8BA27F8F-A833-4200-8A6C-A634C317E8C8}
	EndGlobalSection
	GlobalSection(ExtensibilityGlobals) = postSolution
		SolutionGuid = {A816A111-69AD-4DA7-B315-9F8F60D665B2}
	EndGlobalSection
EndGlobal
